
Microsoft Visual Studio Solution File, Format Version 12.00
# Visual Studio Version 16
VisualStudioVersion = 16.0.34301.259
MinimumVisualStudioVersion = 10.0.40219.1
Project("{FAE04EC0-301F-11D3-BF4B-00C04F79EFBC}") = "movie_test", "WindowsFormsApp1\movie_test.csproj", "{77E3C2D5-1B3C-40CD-9692-29E4B408CDBF}"
EndProject
Global
	GlobalSection(SolutionConfigurationPlatforms) = preSolution
		Debug|Any CPU = Debug|Any CPU
		Release|Any CPU = Release|Any CPU
	EndGlobalSection
	GlobalSection(ProjectConfigurationPlatforms) = postSolution
		{77E3C2D5-1B3C-40CD-9692-29E4B408CDBF}.Debug|Any CPU.ActiveCfg = Debug|Any CPU
		{77E3C2D5-1B3C-40CD-9692-29E4B408CDBF}.Debug|Any CPU.Build.0 = Debug|Any CPU
		{77E3C2D5-1B3C-40CD-9692-29E4B408CDBF}.Release|Any CPU.ActiveCfg = Release|Any CPU
		{77E3C2D5-1B3C-40CD-9692-29E4B408CDBF}.Release|Any CPU.Build.0 = Release|Any CPU
	EndGlobalSection
	GlobalSection(SolutionProperties) = preSolution
		HideSolutionNode = FALSE
	EndGlobalSection
	GlobalSection(ExtensibilityGlobals) = postSolution
		SolutionGuid = {5F7427CE-1FB3-43D3-86E0-05C072A3FCE4}
	EndGlobalSection
EndGlobal
